
Microsoft Visual Studio Solution File, Format Version 12.00
# Visual Studio Version 17
VisualStudioVersion = 17.5.33318.248
MinimumVisualStudioVersion = 10.0.40219.1
Project("{FAE04EC0-301F-11D3-BF4B-00C04F79EFBC}") = "UnitTestRealWorld.Web", "UnitTestRealWorld.Web\UnitTestRealWorld.Web.csproj", "{BAA583CB-09FF-4836-9995-2BB48DBE0BFD}"
EndProject
Global
	GlobalSection(SolutionConfigurationPlatforms) = preSolution
		Debug|Any CPU = Debug|Any CPU
		Release|Any CPU = Release|Any CPU
	EndGlobalSection
	GlobalSection(ProjectConfigurationPlatforms) = postSolution
		{BAA583CB-09FF-4836-9995-2BB48DBE0BFD}.Debug|Any CPU.ActiveCfg = Debug|Any CPU
		{BAA583CB-09FF-4836-9995-2BB48DBE0BFD}.Debug|Any CPU.Build.0 = Debug|Any CPU
		{BAA583CB-09FF-4836-9995-2BB48DBE0BFD}.Release|Any CPU.ActiveCfg = Release|Any CPU
		{BAA583CB-09FF-4836-9995-2BB48DBE0BFD}.Release|Any CPU.Build.0 = Release|Any CPU
	EndGlobalSection
	GlobalSection(SolutionProperties) = preSolution
		HideSolutionNode = FALSE
	EndGlobalSection
	GlobalSection(ExtensibilityGlobals) = postSolution
		SolutionGuid = {4DBB27E1-4172-4345-BBFF-E8C8B0856711}
	EndGlobalSection
EndGlobal
